
Microsoft Visual Studio Solution File, Format Version 12.00
# Visual Studio Version 17
VisualStudioVersion = 17.0.31903.59
MinimumVisualStudioVersion = 10.0.40219.1
Project("{FAE04EC0-301F-11D3-BF4B-00C04F79EFBC}") = "FlashCards.Models", "FlashCards.Models\FlashCards.Models.csproj", "{5FCE7E07-5379-49FE-8595-FBB687E73A0F}"
EndProject
Project("{FAE04EC0-301F-11D3-BF4B-00C04F79EFBC}") = "FlashCards.Context", "FlashCards.Context\FlashCards.Context.csproj", "{ED52C9B0-0028-4A89-8BF0-27484920CD0E}"
EndProject
Project("{FAE04EC0-301F-11D3-BF4B-00C04F79EFBC}") = "FlashCards.Application", "FlashCards.Application\FlashCards.Application.csproj", "{56AF4DEA-6471-429C-ADBC-14CD0803B6B4}"
EndProject
Project("{FAE04EC0-301F-11D3-BF4B-00C04F79EFBC}") = "FlashCards.API", "FlashCards.API\FlashCards.API.csproj", "{08995BA8-42AB-4C54-B0A3-BA45362B0EF7}"
EndProject
Global
	GlobalSection(SolutionConfigurationPlatforms) = preSolution
		Debug|Any CPU = Debug|Any CPU
		Release|Any CPU = Release|Any CPU
	EndGlobalSection
	GlobalSection(ProjectConfigurationPlatforms) = postSolution
		{5FCE7E07-5379-49FE-8595-FBB687E73A0F}.Debug|Any CPU.ActiveCfg = Debug|Any CPU
		{5FCE7E07-5379-49FE-8595-FBB687E73A0F}.Debug|Any CPU.Build.0 = Debug|Any CPU
		{5FCE7E07-5379-49FE-8595-FBB687E73A0F}.Release|Any CPU.ActiveCfg = Release|Any CPU
		{5FCE7E07-5379-49FE-8595-FBB687E73A0F}.Release|Any CPU.Build.0 = Release|Any CPU
		{ED52C9B0-0028-4A89-8BF0-27484920CD0E}.Debug|Any CPU.ActiveCfg = Debug|Any CPU
		{ED52C9B0-0028-4A89-8BF0-27484920CD0E}.Debug|Any CPU.Build.0 = Debug|Any CPU
		{ED52C9B0-0028-4A89-8BF0-27484920CD0E}.Release|Any CPU.ActiveCfg = Release|Any CPU
		{ED52C9B0-0028-4A89-8BF0-27484920CD0E}.Release|Any CPU.Build.0 = Release|Any CPU
		{56AF4DEA-6471-429C-ADBC-14CD0803B6B4}.Debug|Any CPU.ActiveCfg = Debug|Any CPU
		{56AF4DEA-6471-429C-ADBC-14CD0803B6B4}.Debug|Any CPU.Build.0 = Debug|Any CPU
		{56AF4DEA-6471-429C-ADBC-14CD0803B6B4}.Release|Any CPU.ActiveCfg = Release|Any CPU
		{56AF4DEA-6471-429C-ADBC-14CD0803B6B4}.Release|Any CPU.Build.0 = Release|Any CPU
		{08995BA8-42AB-4C54-B0A3-BA45362B0EF7}.Debug|Any CPU.ActiveCfg = Debug|Any CPU
		{08995BA8-42AB-4C54-B0A3-BA45362B0EF7}.Debug|Any CPU.Build.0 = Debug|Any CPU
		{08995BA8-42AB-4C54-B0A3-BA45362B0EF7}.Release|Any CPU.ActiveCfg = Release|Any CPU
		{08995BA8-42AB-4C54-B0A3-BA45362B0EF7}.Release|Any CPU.Build.0 = Release|Any CPU
	EndGlobalSection
	GlobalSection(SolutionProperties) = preSolution
		HideSolutionNode = FALSE
	EndGlobalSection
EndGlobal
